
Microsoft Visual Studio Solution File, Format Version 12.00
# Visual Studio Version 17
VisualStudioVersion = 17.7.34024.191
MinimumVisualStudioVersion = 10.0.40219.1
Project("{FAE04EC0-301F-11D3-BF4B-00C04F79EFBC}") = "11Grudnia", "11Grudnia\11Grudnia.csproj", "{94BA5A0B-996E-4E56-A4E1-5AFC8B68C798}"
EndProject
Global
	GlobalSection(SolutionConfigurationPlatforms) = preSolution
		Debug|Any CPU = Debug|Any CPU
		Release|Any CPU = Release|Any CPU
	EndGlobalSection
	GlobalSection(ProjectConfigurationPlatforms) = postSolution
		{94BA5A0B-996E-4E56-A4E1-5AFC8B68C798}.Debug|Any CPU.ActiveCfg = Debug|Any CPU
		{94BA5A0B-996E-4E56-A4E1-5AFC8B68C798}.Debug|Any CPU.Build.0 = Debug|Any CPU
		{94BA5A0B-996E-4E56-A4E1-5AFC8B68C798}.Release|Any CPU.ActiveCfg = Release|Any CPU
		{94BA5A0B-996E-4E56-A4E1-5AFC8B68C798}.Release|Any CPU.Build.0 = Release|Any CPU
	EndGlobalSection
	GlobalSection(SolutionProperties) = preSolution
		HideSolutionNode = FALSE
	EndGlobalSection
	GlobalSection(ExtensibilityGlobals) = postSolution
		SolutionGuid = {89CCF1DC-8E76-47DC-A4AE-71B1B22180AF}
	EndGlobalSection
EndGlobal
